<?xml version="1.0" encoding="utf-8"?>
<Project ToolsVersion="4.0" xmlns="http://schemas.microsoft.com/developer/msbuild/2003">
  <ItemGroup>
    <Filter Include="Source Files">
      <UniqueIdentifier>{4FC737F1-C7A5-4376-A066-2A32D752A2FF}</UniqueIdentifier>
      <Extensions>cpp;c;cc;cxx;def;odl;idl;hpj;bat;asm;asmx</Extensions>
    </Filter>
    <Filter Include="Header Files">
      <UniqueIdentifier>{93995380-89BD-4b04-88EB-625FBE52EBFB}</UniqueIdentifier>
      <Extensions>h;hh;hpp;hxx;hm;inl;inc;xsd</Extensions>
    </Filter>
    <Filter Include="Header Files\tut">
      <UniqueIdentifier>{58214c50-1f00-42ae-855c-a3d12142bf6e}</UniqueIdentifier>
    </Filter>
    <Filter Include="Header Files\das">
      <UniqueIdentifier>{8cb11413-25d8-4c49-9bfe-f6fc5c9e9ac3}</UniqueIdentifier>
    </Filter>
    <Filter Include="Source Files\tut">
      <UniqueIdentifier>{6ab4d944-86b5-4154-8a68-c99fbe23e2e5}</UniqueIdentifier>
    </Filter>
  </ItemGroup>
  <ItemGroup>
    <ClCompile Include="src\cpp\tut.cpp">
      <Filter>Source Files\tut</Filter>
    </ClCompile>
    <ClCompile Include="src\cpp\das.cpp">
      <Filter>Source Files\tut</Filter>
    </ClCompile>
    <ClCompile Include="src\hpp\das\hash.hpp">
      <Filter>Header Files\das</Filter>
    </ClCompile>
  </ItemGroup>
  <ItemGroup>
    <ClInclude Include="src\hpp\tut\tut.hpp">
      <Filter>Header Files\tut</Filter>
    </ClInclude>
    <ClInclude Include="src\hpp\das\addressable.hpp">
      <Filter>Header Files\das</Filter>
    </ClInclude>
    <ClInclude Include="src\hpp\das\castable.hpp">
      <Filter>Header Files\das</Filter>
    </ClInclude>
    <ClInclude Include="src\hpp\das\event.hpp">
      <Filter>Header Files\das</Filter>
    </ClInclude>
    <ClInclude Include="src\hpp\das\eventable.hpp">
      <Filter>Header Files\das</Filter>
    </ClInclude>
    <ClInclude Include="src\hpp\das\id.hpp">
      <Filter>Header Files\das</Filter>
    </ClInclude>
    <ClInclude Include="src\hpp\das\name.hpp">
      <Filter>Header Files\das</Filter>
    </ClInclude>
    <ClInclude Include="src\hpp\das\prelude.hpp">
      <Filter>Header Files\das</Filter>
    </ClInclude>
    <ClInclude Include="src\hpp\das\property.hpp">
      <Filter>Header Files\das</Filter>
    </ClInclude>
    <ClInclude Include="src\hpp\das\string.hpp">
      <Filter>Header Files\das</Filter>
    </ClInclude>
    <ClInclude Include="src\hpp\das\subscription.hpp">
      <Filter>Header Files\das</Filter>
    </ClInclude>
    <ClInclude Include="src\hpp\das\address.hpp">
      <Filter>Header Files\das</Filter>
    </ClInclude>
  </ItemGroup>
</Project>